// !$*UTF8*$!
{
	archiveVersion = 1;
	classes = {
	};
	objectVersion = 50;
	objects = {

/* Begin PBXBuildFile section */
		F105B16524B004D5002669B6 /* Table.swift in Sources */ = {isa = PBXBuildFile; fileRef = F105B16424B004D5002669B6 /* Table.swift */; };
		F1D6B1E524AFF19300C27BF6 /* AppDelegate.swift in Sources */ = {isa = PBXBuildFile; fileRef = F1D6B1E424AFF19300C27BF6 /* AppDelegate.swift */; };
		F1D6B1E724AFF19300C27BF6 /* SceneDelegate.swift in Sources */ = {isa = PBXBuildFile; fileRef = F1D6B1E624AFF19300C27BF6 /* SceneDelegate.swift */; };
		F1D6B1EA24AFF19300C27BF6 /* Trackr.xcdatamodeld in Sources */ = {isa = PBXBuildFile; fileRef = F1D6B1E824AFF19300C27BF6 /* Trackr.xcdatamodeld */; };
		F1D6B1EC24AFF19300C27BF6 /* ContentView.swift in Sources */ = {isa = PBXBuildFile; fileRef = F1D6B1EB24AFF19300C27BF6 /* ContentView.swift */; };
		F1D6B1EE24AFF19500C27BF6 /* Assets.xcassets in Resources */ = {isa = PBXBuildFile; fileRef = F1D6B1ED24AFF19500C27BF6 /* Assets.xcassets */; };
		F1D6B1F124AFF19500C27BF6 /* Preview Assets.xcassets in Resources */ = {isa = PBXBuildFile; fileRef = F1D6B1F024AFF19500C27BF6 /* Preview Assets.xcassets */; };
		F1D6B1F424AFF19500C27BF6 /* LaunchScreen.storyboard in Resources */ = {isa = PBXBuildFile; fileRef = F1D6B1F224AFF19500C27BF6 /* LaunchScreen.storyboard */; };
		F1D6B1FC24AFFA8A00C27BF6 /* AllTablesView.swift in Sources */ = {isa = PBXBuildFile; fileRef = F1D6B1FB24AFFA8A00C27BF6 /* AllTablesView.swift */; };
		F1D6B1FE24AFFAAC00C27BF6 /* TableStatusView.swift in Sources */ = {isa = PBXBuildFile; fileRef = F1D6B1FD24AFFAAC00C27BF6 /* TableStatusView.swift */; };
/* End PBXBuildFile section */

/* Begin PBXFileReference section */
		F105B16424B004D5002669B6 /* Table.swift */ = {isa = PBXFileReference; lastKnownFileType = sourcecode.swift; path = Table.swift; sourceTree = "<group>"; };
		F1D6B1E124AFF19300C27BF6 /* Trackr.app */ = {isa = PBXFileReference; explicitFileType = wrapper.application; includeInIndex = 0; path = Trackr.app; sourceTree = BUILT_PRODUCTS_DIR; };
		F1D6B1E424AFF19300C27BF6 /* AppDelegate.swift */ = {isa = PBXFileReference; lastKnownFileType = sourcecode.swift; path = AppDelegate.swift; sourceTree = "<group>"; };
		F1D6B1E624AFF19300C27BF6 /* SceneDelegate.swift */ = {isa = PBXFileReference; lastKnownFileType = sourcecode.swift; path = SceneDelegate.swift; sourceTree = "<group>"; };
		F1D6B1E924AFF19300C27BF6 /* Trackr.xcdatamodel */ = {isa = PBXFileReference; lastKnownFileType = wrapper.xcdatamodel; path = Trackr.xcdatamodel; sourceTree = "<group>"; };
		F1D6B1EB24AFF19300C27BF6 /* ContentView.swift */ = {isa = PBXFileReference; lastKnownFileType = sourcecode.swift; path = ContentView.swift; sourceTree = "<group>"; };
		F1D6B1ED24AFF19500C27BF6 /* Assets.xcassets */ = {isa = PBXFileReference; lastKnownFileType = folder.assetcatalog; path = Assets.xcassets; sourceTree = "<group>"; };
		F1D6B1F024AFF19500C27BF6 /* Preview Assets.xcassets */ = {isa = PBXFileReference; lastKnownFileType = folder.assetcatalog; path = "Preview Assets.xcassets"; sourceTree = "<group>"; };
		F1D6B1F324AFF19500C27BF6 /* Base */ = {isa = PBXFileReference; lastKnownFileType = file.storyboard; name = Base; path = Base.lproj/LaunchScreen.storyboard; sourceTree = "<group>"; };
		F1D6B1F524AFF19500C27BF6 /* Info.plist */ = {isa = PBXFileReference; lastKnownFileType = text.plist.xml; path = Info.plist; sourceTree = "<group>"; };
		F1D6B1FB24AFFA8A00C27BF6 /* AllTablesView.swift */ = {isa = PBXFileReference; lastKnownFileType = sourcecode.swift; path = AllTablesView.swift; sourceTree = "<group>"; };
		F1D6B1FD24AFFAAC00C27BF6 /* TableStatusView.swift */ = {isa = PBXFileReference; lastKnownFileType = sourcecode.swift; path = TableStatusView.swift; sourceTree = "<group>"; };
/* End PBXFileReference section */

/* Begin PBXFrameworksBuildPhase section */
		F1D6B1DE24AFF19300C27BF6 /* Frameworks */ = {
			isa = PBXFrameworksBuildPhase;
			buildActionMask = 2147483647;
			files = (
			);
			runOnlyForDeploymentPostprocessing = 0;
		};
/* End PBXFrameworksBuildPhase section */

/* Begin PBXGroup section */
		F1D6B1D824AFF19300C27BF6 = {
			isa = PBXGroup;
			children = (
				F1D6B1E324AFF19300C27BF6 /* Trackr */,
				F1D6B1E224AFF19300C27BF6 /* Products */,
			);
			sourceTree = "<group>";
		};
		F1D6B1E224AFF19300C27BF6 /* Products */ = {
			isa = PBXGroup;
			children = (
				F1D6B1E124AFF19300C27BF6 /* Trackr.app */,
			);
			name = Products;
			sourceTree = "<group>";
		};
		F1D6B1E324AFF19300C27BF6 /* Trackr */ = {
			isa = PBXGroup;
			children = (
				F1D6B1E424AFF19300C27BF6 /* AppDelegate.swift */,
				F1D6B1E624AFF19300C27BF6 /* SceneDelegate.swift */,
				F1D6B1EB24AFF19300C27BF6 /* ContentView.swift */,
				F105B16424B004D5002669B6 /* Table.swift */,
				F1D6B1FB24AFFA8A00C27BF6 /* AllTablesView.swift */,
				F1D6B1FD24AFFAAC00C27BF6 /* TableStatusView.swift */,
				F1D6B1ED24AFF19500C27BF6 /* Assets.xcassets */,
				F1D6B1F224AFF19500C27BF6 /* LaunchScreen.storyboard */,
				F1D6B1F524AFF19500C27BF6 /* Info.plist */,
				F1D6B1E824AFF19300C27BF6 /* Trackr.xcdatamodeld */,
				F1D6B1EF24AFF19500C27BF6 /* Preview Content */,
			);
			path = Trackr;
			sourceTree = "<group>";
		};
		F1D6B1EF24AFF19500C27BF6 /* Preview Content */ = {
			isa = PBXGroup;
			children = (
				F1D6B1F024AFF19500C27BF6 /* Preview Assets.xcassets */,
			);
			path = "Preview Content";
			sourceTree = "<group>";
		};
/* End PBXGroup section */

/* Begin PBXNativeTarget section */
		F1D6B1E024AFF19300C27BF6 /* Trackr */ = {
			isa = PBXNativeTarget;
			buildConfigurationList = F1D6B1F824AFF19500C27BF6 /* Build configuration list for PBXNativeTarget "Trackr" */;
			buildPhases = (
				F1D6B1DD24AFF19300C27BF6 /* Sources */,
				F1D6B1DE24AFF19300C27BF6 /* Frameworks */,
				F1D6B1DF24AFF19300C27BF6 /* Resources */,
			);
			buildRules = (
			);
			dependencies = (
			);
			name = Trackr;
			productName = Trackr;
			productReference = F1D6B1E124AFF19300C27BF6 /* Trackr.app */;
			productType = "com.apple.product-type.application";
		};
/* End PBXNativeTarget section */

/* Begin PBXProject section */
		F1D6B1D924AFF19300C27BF6 /* Project object */ = {
			isa = PBXProject;
			attributes = {
				LastSwiftUpdateCheck = 1150;
				LastUpgradeCheck = 1150;
				ORGANIZATIONNAME = "Nate Reprogle";
				TargetAttributes = {
					F1D6B1E024AFF19300C27BF6 = {
						CreatedOnToolsVersion = 11.5;
					};
				};
			};
			buildConfigurationList = F1D6B1DC24AFF19300C27BF6 /* Build configuration list for PBXProject "Trackr" */;
			compatibilityVersion = "Xcode 9.3";
			developmentRegion = en;
			hasScannedForEncodings = 0;
			knownRegions = (
				en,
				Base,
			);
			mainGroup = F1D6B1D824AFF19300C27BF6;
			productRefGroup = F1D6B1E224AFF19300C27BF6 /* Products */;
			projectDirPath = "";
			projectRoot = "";
			targets = (
				F1D6B1E024AFF19300C27BF6 /* Trackr */,
			);
		};
/* End PBXProject section */

/* Begin PBXResourcesBuildPhase section */
		F1D6B1DF24AFF19300C27BF6 /* Resources */ = {
			isa = PBXResourcesBuildPhase;
			buildActionMask = 2147483647;
			files = (
				F1D6B1F424AFF19500C27BF6 /* LaunchScreen.storyboard in Resources */,
				F1D6B1F124AFF19500C27BF6 /* Preview Assets.xcassets in Resources */,
				F1D6B1EE24AFF19500C27BF6 /* Assets.xcassets in Resources */,
			);
			runOnlyForDeploymentPostprocessing = 0;
		};
/* End PBXResourcesBuildPhase section */

/* Begin PBXSourcesBuildPhase section */
		F1D6B1DD24AFF19300C27BF6 /* Sources */ = {
			isa = PBXSourcesBuildPhase;
			buildActionMask = 2147483647;
			files = (
				F1D6B1FC24AFFA8A00C27BF6 /* AllTablesView.swift in Sources */,
				F105B16524B004D5002669B6 /* Table.swift in Sources */,
				F1D6B1EA24AFF19300C27BF6 /* Trackr.xcdatamodeld in Sources */,
				F1D6B1E524AFF19300C27BF6 /* AppDelegate.swift in Sources */,
				F1D6B1FE24AFFAAC00C27BF6 /* TableStatusView.swift in Sources */,
				F1D6B1EC24AFF19300C27BF6 /* ContentView.swift in Sources */,
				F1D6B1E724AFF19300C27BF6 /* SceneDelegate.swift in Sources */,
			);
			runOnlyForDeploymentPostprocessing = 0;
		};
/* End PBXSourcesBuildPhase section */

/* Begin PBXVariantGroup section */
		F1D6B1F224AFF19500C27BF6 /* LaunchScreen.storyboard */ = {
			isa = PBXVariantGroup;
			children = (
				F1D6B1F324AFF19500C27BF6 /* Base */,
			);
			name = LaunchScreen.storyboard;
			sourceTree = "<group>";
		};
/* End PBXVariantGroup section */

/* Begin XCBuildConfiguration section */
		F1D6B1F624AFF19500C27BF6 /* Debug */ = {
			isa = XCBuildConfiguration;
			buildSettings = {
				ALWAYS_SEARCH_USER_PATHS = NO;
				CLANG_ANALYZER_NONNULL = YES;
				CLANG_ANALYZER_NUMBER_OBJECT_CONVERSION = YES_AGGRESSIVE;
				CLANG_CXX_LANGUAGE_STANDARD = "gnu++14";
				CLANG_CXX_LIBRARY = "libc++";
				CLANG_ENABLE_MODULES = YES;
				CLANG_ENABLE_OBJC_ARC = YES;
				CLANG_ENABLE_OBJC_WEAK = YES;
				CLANG_WARN_BLOCK_CAPTURE_AUTORELEASING = YES;
				CLANG_WARN_BOOL_CONVERSION = YES;
				CLANG_WARN_COMMA = YES;
				CLANG_WARN_CONSTANT_CONVERSION = YES;
				CLANG_WARN_DEPRECATED_OBJC_IMPLEMENTATIONS = YES;
				CLANG_WARN_DIRECT_OBJC_ISA_USAGE = YES_ERROR;
				CLANG_WARN_DOCUMENTATION_COMMENTS = YES;
				CLANG_WARN_EMPTY_BODY = YES;
				CLANG_WARN_ENUM_CONVERSION = YES;
				CLANG_WARN_INFINITE_RECURSION = YES;
				CLANG_WARN_INT_CONVERSION = YES;
				CLANG_WARN_NON_LITERAL_NULL_CONVERSION = YES;
				CLANG_WARN_OBJC_IMPLICIT_RETAIN_SELF = YES;
				CLANG_WARN_OBJC_LITERAL_CONVERSION = YES;
				CLANG_WARN_OBJC_ROOT_CLASS = YES_ERROR;
				CLANG_WARN_RANGE_LOOP_ANALYSIS = YES;
				CLANG_WARN_STRICT_PROTOTYPES = YES;
				CLANG_WARN_SUSPICIOUS_MOVE = YES;
				CLANG_WARN_UNGUARDED_AVAILABILITY = YES_AGGRESSIVE;
				CLANG_WARN_UNREACHABLE_CODE = YES;
				CLANG_WARN__DUPLICATE_METHOD_MATCH = YES;
				COPY_PHASE_STRIP = NO;
				DEBUG_INFORMATION_FORMAT = dwarf;
				ENABLE_STRICT_OBJC_MSGSEND = YES;
				ENABLE_TESTABILITY = YES;
				GCC_C_LANGUAGE_STANDARD = gnu11;
				GCC_DYNAMIC_NO_PIC = NO;
				GCC_NO_COMMON_BLOCKS = YES;
				GCC_OPTIMIZATION_LEVEL = 0;
				GCC_PREPROCESSOR_DEFINITIONS = (
					"DEBUG=1",
					"$(inherited)",
				);
				GCC_WARN_64_TO_32_BIT_CONVERSION = YES;
				GCC_WARN_ABOUT_RETURN_TYPE = YES_ERROR;
				GCC_WARN_UNDECLARED_SELECTOR = YES;
				GCC_WARN_UNINITIALIZED_AUTOS = YES_AGGRESSIVE;
				GCC_WARN_UNUSED_FUNCTION = YES;
				GCC_WARN_UNUSED_VARIABLE = YES;
				IPHONEOS_DEPLOYMENT_TARGET = 13.5;
				MTL_ENABLE_DEBUG_INFO = INCLUDE_SOURCE;
				MTL_FAST_MATH = YES;
				ONLY_ACTIVE_ARCH = YES;
				SDKROOT = iphoneos;
				SWIFT_ACTIVE_COMPILATION_CONDITIONS = DEBUG;
				SWIFT_OPTIMIZATION_LEVEL = "-Onone";
				TARGETED_DEVICE_FAMILY = "1,2";
			};
			name = Debug;
		};
		F1D6B1F724AFF19500C27BF6 /* Release */ = {
			isa = XCBuildConfiguration;
			buildSettings = {
				ALWAYS_SEARCH_USER_PATHS = NO;
				CLANG_ANALYZER_NONNULL = YES;
				CLANG_ANALYZER_NUMBER_OBJECT_CONVERSION = YES_AGGRESSIVE;
				CLANG_CXX_LANGUAGE_STANDARD = "gnu++14";
				CLANG_CXX_LIBRARY = "libc++";
				CLANG_ENABLE_MODULES = YES;
				CLANG_ENABLE_OBJC_ARC = YES;
				CLANG_ENABLE_OBJC_WEAK = YES;
				CLANG_WARN_BLOCK_CAPTURE_AUTORELEASING = YES;
				CLANG_WARN_BOOL_CONVERSION = YES;
				CLANG_WARN_COMMA = YES;
				CLANG_WARN_CONSTANT_CONVERSION = YES;
				CLANG_WARN_DEPRECATED_OBJC_IMPLEMENTATIONS = YES;
				CLANG_WARN_DIRECT_OBJC_ISA_USAGE = YES_ERROR;
				CLANG_WARN_DOCUMENTATION_COMMENTS = YES;
				CLANG_WARN_EMPTY_BODY = YES;
				CLANG_WARN_ENUM_CONVERSION = YES;
				CLANG_WARN_INFINITE_RECURSION = YES;
				CLANG_WARN_INT_CONVERSION = YES;
				CLANG_WARN_NON_LITERAL_NULL_CONVERSION = YES;
				CLANG_WARN_OBJC_IMPLICIT_RETAIN_SELF = YES;
				CLANG_WARN_OBJC_LITERAL_CONVERSION = YES;
				CLANG_WARN_OBJC_ROOT_CLASS = YES_ERROR;
				CLANG_WARN_RANGE_LOOP_ANALYSIS = YES;
				CLANG_WARN_STRICT_PROTOTYPES = YES;
				CLANG_WARN_SUSPICIOUS_MOVE = YES;
				CLANG_WARN_UNGUARDED_AVAILABILITY = YES_AGGRESSIVE;
				CLANG_WARN_UNREACHABLE_CODE = YES;
				CLANG_WARN__DUPLICATE_METHOD_MATCH = YES;
				COPY_PHASE_STRIP = NO;
				DEBUG_INFORMATION_FORMAT = "dwarf-with-dsym";
				ENABLE_NS_ASSERTIONS = NO;
				ENABLE_STRICT_OBJC_MSGSEND = YES;
				GCC_C_LANGUAGE_STANDARD = gnu11;
				GCC_NO_COMMON_BLOCKS = YES;
				GCC_WARN_64_TO_32_BIT_CONVERSION = YES;
				GCC_WARN_ABOUT_RETURN_TYPE = YES_ERROR;
				GCC_WARN_UNDECLARED_SELECTOR = YES;
				GCC_WARN_UNINITIALIZED_AUTOS = YES_AGGRESSIVE;
				GCC_WARN_UNUSED_FUNCTION = YES;
				GCC_WARN_UNUSED_VARIABLE = YES;
				IPHONEOS_DEPLOYMENT_TARGET = 13.5;
				MTL_ENABLE_DEBUG_INFO = NO;
				MTL_FAST_MATH = YES;
				SDKROOT = iphoneos;
				SWIFT_COMPILATION_MODE = wholemodule;
				SWIFT_OPTIMIZATION_LEVEL = "-O";
				TARGETED_DEVICE_FAMILY = "1,2";
				VALIDATE_PRODUCT = YES;
			};
			name = Release;
		};
		F1D6B1F924AFF19500C27BF6 /* Debug */ = {
			isa = XCBuildConfiguration;
			buildSettings = {
				ASSETCATALOG_COMPILER_APPICON_NAME = AppIcon;
				CODE_SIGN_STYLE = Automatic;
				DEVELOPMENT_ASSET_PATHS = "\"Trackr/Preview Content\"";
				DEVELOPMENT_TEAM = RQ8Q8WZC2C;
				ENABLE_PREVIEWS = YES;
				INFOPLIST_FILE = Trackr/Info.plist;
				LD_RUNPATH_SEARCH_PATHS = (
					"$(inherited)",
					"@executable_path/Frameworks",
				);
				PRODUCT_BUNDLE_IDENTIFIER = com.natereprogle.Trackr;
				PRODUCT_NAME = "$(TARGET_NAME)";
				SWIFT_VERSION = 5.0;
				TARGETED_DEVICE_FAMILY = "1,2";
			};
			name = Debug;
		};
		F1D6B1FA24AFF19500C27BF6 /* Release */ = {
			isa = XCBuildConfiguration;
			buildSettings = {
				ASSETCATALOG_COMPILER_APPICON_NAME = AppIcon;
				CODE_SIGN_STYLE = Automatic;
				DEVELOPMENT_ASSET_PATHS = "\"Trackr/Preview Content\"";
				DEVELOPMENT_TEAM = RQ8Q8WZC2C;
				ENABLE_PREVIEWS = YES;
				INFOPLIST_FILE = Trackr/Info.plist;
				LD_RUNPATH_SEARCH_PATHS = (
					"$(inherited)",
					"@executable_path/Frameworks",
				);
				PRODUCT_BUNDLE_IDENTIFIER = com.natereprogle.Trackr;
				PRODUCT_NAME = "$(TARGET_NAME)";
				SWIFT_VERSION = 5.0;
				TARGETED_DEVICE_FAMILY = "1,2";
			};
			name = Release;
		};
/* End XCBuildConfiguration section */

/* Begin XCConfigurationList section */
		F1D6B1DC24AFF19300C27BF6 /* Build configuration list for PBXProject "Trackr" */ = {
			isa = XCConfigurationList;
			buildConfigurations = (
				F1D6B1F624AFF19500C27BF6 /* Debug */,
				F1D6B1F724AFF19500C27BF6 /* Release */,
			);
			defaultConfigurationIsVisible = 0;
			defaultConfigurationName = Release;
		};
		F1D6B1F824AFF19500C27BF6 /* Build configuration list for PBXNativeTarget "Trackr" */ = {
			isa = XCConfigurationList;
			buildConfigurations = (
				F1D6B1F924AFF19500C27BF6 /* Debug */,
				F1D6B1FA24AFF19500C27BF6 /* Release */,
			);
			defaultConfigurationIsVisible = 0;
			defaultConfigurationName = Release;
		};
/* End XCConfigurationList section */

/* Begin XCVersionGroup section */
		F1D6B1E824AFF19300C27BF6 /* Trackr.xcdatamodeld */ = {
			isa = XCVersionGroup;
			children = (
				F1D6B1E924AFF19300C27BF6 /* Trackr.xcdatamodel */,
			);
			currentVersion = F1D6B1E924AFF19300C27BF6 /* Trackr.xcdatamodel */;
			path = Trackr.xcdatamodeld;
			sourceTree = "<group>";
			versionGroupType = wrapper.xcdatamodel;
		};
/* End XCVersionGroup section */
	};
	rootObject = F1D6B1D924AFF19300C27BF6 /* Project object */;
}
